
Microsoft Visual Studio Solution File, Format Version 12.00
# Visual Studio Version 16
VisualStudioVersion = 16.0.31729.503
MinimumVisualStudioVersion = 10.0.40219.1
Project("{FAE04EC0-301F-11D3-BF4B-00C04F79EFBC}") = "Phonebook_f3", "Phonebook_f3.csproj", "{3EC246F3-73EC-46B6-89F0-0F25A80B4C3B}"
EndProject
Global
	GlobalSection(SolutionConfigurationPlatforms) = preSolution
		Debug|Any CPU = Debug|Any CPU
		Release|Any CPU = Release|Any CPU
	EndGlobalSection
	GlobalSection(ProjectConfigurationPlatforms) = postSolution
		{3EC246F3-73EC-46B6-89F0-0F25A80B4C3B}.Debug|Any CPU.ActiveCfg = Debug|Any CPU
		{3EC246F3-73EC-46B6-89F0-0F25A80B4C3B}.Debug|Any CPU.Build.0 = Debug|Any CPU
		{3EC246F3-73EC-46B6-89F0-0F25A80B4C3B}.Release|Any CPU.ActiveCfg = Release|Any CPU
		{3EC246F3-73EC-46B6-89F0-0F25A80B4C3B}.Release|Any CPU.Build.0 = Release|Any CPU
	EndGlobalSection
	GlobalSection(SolutionProperties) = preSolution
		HideSolutionNode = FALSE
	EndGlobalSection
	GlobalSection(ExtensibilityGlobals) = postSolution
		SolutionGuid = {1BEDE602-D799-4AE4-9070-2D4D40EB3129}
	EndGlobalSection
EndGlobal
